// !$*UTF8*$!
{
	archiveVersion = 1;
	classes = {
	};
	objectVersion = 46;
	objects = {

/* Begin PBXBuildFile section */
		473BDA861A77C0E800241F7B /* Feature1VC.m in Sources */ = {isa = PBXBuildFile; fileRef = 473BDA851A77C0E800241F7B /* Feature1VC.m */; };
		473BDA891A77CA9A00241F7B /* Feature2.m in Sources */ = {isa = PBXBuildFile; fileRef = 473BDA881A77CA9A00241F7B /* Feature2.m */; };
		47D7547619B8A6A100FFA3F8 /* Foundation.framework in Frameworks */ = {isa = PBXBuildFile; fileRef = 47D7547519B8A6A100FFA3F8 /* Foundation.framework */; };
		47D7547819B8A6A100FFA3F8 /* CoreGraphics.framework in Frameworks */ = {isa = PBXBuildFile; fileRef = 47D7547719B8A6A100FFA3F8 /* CoreGraphics.framework */; };
		47D7547A19B8A6A100FFA3F8 /* UIKit.framework in Frameworks */ = {isa = PBXBuildFile; fileRef = 47D7547919B8A6A100FFA3F8 /* UIKit.framework */; };
		47D7548019B8A6A100FFA3F8 /* InfoPlist.strings in Resources */ = {isa = PBXBuildFile; fileRef = 47D7547E19B8A6A100FFA3F8 /* InfoPlist.strings */; };
		47D7548219B8A6A100FFA3F8 /* main.m in Sources */ = {isa = PBXBuildFile; fileRef = 47D7548119B8A6A100FFA3F8 /* main.m */; };
		47D7548619B8A6A100FFA3F8 /* AppDelegate.m in Sources */ = {isa = PBXBuildFile; fileRef = 47D7548519B8A6A100FFA3F8 /* AppDelegate.m */; };
		47D7548919B8A6A100FFA3F8 /* Main_iPhone.storyboard in Resources */ = {isa = PBXBuildFile; fileRef = 47D7548719B8A6A100FFA3F8 /* Main_iPhone.storyboard */; };
		47D7548C19B8A6A100FFA3F8 /* Main_iPad.storyboard in Resources */ = {isa = PBXBuildFile; fileRef = 47D7548A19B8A6A100FFA3F8 /* Main_iPad.storyboard */; };
		47D7548F19B8A6A100FFA3F8 /* ViewController.m in Sources */ = {isa = PBXBuildFile; fileRef = 47D7548E19B8A6A100FFA3F8 /* ViewController.m */; };
		47D7549119B8A6A100FFA3F8 /* Images.xcassets in Resources */ = {isa = PBXBuildFile; fileRef = 47D7549019B8A6A100FFA3F8 /* Images.xcassets */; };
		47D7549819B8A6A100FFA3F8 /* XCTest.framework in Frameworks */ = {isa = PBXBuildFile; fileRef = 47D7549719B8A6A100FFA3F8 /* XCTest.framework */; };
		47D7549919B8A6A100FFA3F8 /* Foundation.framework in Frameworks */ = {isa = PBXBuildFile; fileRef = 47D7547519B8A6A100FFA3F8 /* Foundation.framework */; };
		47D7549A19B8A6A100FFA3F8 /* UIKit.framework in Frameworks */ = {isa = PBXBuildFile; fileRef = 47D7547919B8A6A100FFA3F8 /* UIKit.framework */; };
		47D754A219B8A6A100FFA3F8 /* InfoPlist.strings in Resources */ = {isa = PBXBuildFile; fileRef = 47D754A019B8A6A100FFA3F8 /* InfoPlist.strings */; };
		47D754A419B8A6A100FFA3F8 /* testBatteryTests.m in Sources */ = {isa = PBXBuildFile; fileRef = 47D754A319B8A6A100FFA3F8 /* testBatteryTests.m */; };
/* End PBXBuildFile section */

/* Begin PBXContainerItemProxy section */
		47D7549B19B8A6A100FFA3F8 /* PBXContainerItemProxy */ = {
			isa = PBXContainerItemProxy;
			containerPortal = 47D7546A19B8A6A100FFA3F8 /* Project object */;
			proxyType = 1;
			remoteGlobalIDString = 47D7547119B8A6A100FFA3F8;
			remoteInfo = testBattery;
		};
/* End PBXContainerItemProxy section */

/* Begin PBXFileReference section */
		473BDA841A77C0E800241F7B /* Feature1VC.h */ = {isa = PBXFileReference; fileEncoding = 4; lastKnownFileType = sourcecode.c.h; path = Feature1VC.h; sourceTree = "<group>"; };
		473BDA851A77C0E800241F7B /* Feature1VC.m */ = {isa = PBXFileReference; fileEncoding = 4; lastKnownFileType = sourcecode.c.objc; path = Feature1VC.m; sourceTree = "<group>"; };
		473BDA871A77CA9A00241F7B /* Feature2.h */ = {isa = PBXFileReference; fileEncoding = 4; lastKnownFileType = sourcecode.c.h; path = Feature2.h; sourceTree = "<group>"; };
		473BDA881A77CA9A00241F7B /* Feature2.m */ = {isa = PBXFileReference; fileEncoding = 4; lastKnownFileType = sourcecode.c.objc; path = Feature2.m; sourceTree = "<group>"; };
		47D7547219B8A6A100FFA3F8 /* testBattery.app */ = {isa = PBXFileReference; explicitFileType = wrapper.application; includeInIndex = 0; path = testBattery.app; sourceTree = BUILT_PRODUCTS_DIR; };
		47D7547519B8A6A100FFA3F8 /* Foundation.framework */ = {isa = PBXFileReference; lastKnownFileType = wrapper.framework; name = Foundation.framework; path = System/Library/Frameworks/Foundation.framework; sourceTree = SDKROOT; };
		47D7547719B8A6A100FFA3F8 /* CoreGraphics.framework */ = {isa = PBXFileReference; lastKnownFileType = wrapper.framework; name = CoreGraphics.framework; path = System/Library/Frameworks/CoreGraphics.framework; sourceTree = SDKROOT; };
		47D7547919B8A6A100FFA3F8 /* UIKit.framework */ = {isa = PBXFileReference; lastKnownFileType = wrapper.framework; name = UIKit.framework; path = System/Library/Frameworks/UIKit.framework; sourceTree = SDKROOT; };
		47D7547D19B8A6A100FFA3F8 /* testBattery-Info.plist */ = {isa = PBXFileReference; lastKnownFileType = text.plist.xml; path = "testBattery-Info.plist"; sourceTree = "<group>"; };
		47D7547F19B8A6A100FFA3F8 /* en */ = {isa = PBXFileReference; lastKnownFileType = text.plist.strings; name = en; path = en.lproj/InfoPlist.strings; sourceTree = "<group>"; };
		47D7548119B8A6A100FFA3F8 /* main.m */ = {isa = PBXFileReference; lastKnownFileType = sourcecode.c.objc; path = main.m; sourceTree = "<group>"; };
		47D7548319B8A6A100FFA3F8 /* testBattery-Prefix.pch */ = {isa = PBXFileReference; lastKnownFileType = sourcecode.c.h; path = "testBattery-Prefix.pch"; sourceTree = "<group>"; };
		47D7548419B8A6A100FFA3F8 /* AppDelegate.h */ = {isa = PBXFileReference; lastKnownFileType = sourcecode.c.h; path = AppDelegate.h; sourceTree = "<group>"; };
		47D7548519B8A6A100FFA3F8 /* AppDelegate.m */ = {isa = PBXFileReference; lastKnownFileType = sourcecode.c.objc; path = AppDelegate.m; sourceTree = "<group>"; };
		47D7548819B8A6A100FFA3F8 /* Base */ = {isa = PBXFileReference; lastKnownFileType = file.storyboard; name = Base; path = Base.lproj/Main_iPhone.storyboard; sourceTree = "<group>"; };
		47D7548B19B8A6A100FFA3F8 /* Base */ = {isa = PBXFileReference; lastKnownFileType = file.storyboard; name = Base; path = Base.lproj/Main_iPad.storyboard; sourceTree = "<group>"; };
		47D7548D19B8A6A100FFA3F8 /* ViewController.h */ = {isa = PBXFileReference; lastKnownFileType = sourcecode.c.h; path = ViewController.h; sourceTree = "<group>"; };
		47D7548E19B8A6A100FFA3F8 /* ViewController.m */ = {isa = PBXFileReference; lastKnownFileType = sourcecode.c.objc; path = ViewController.m; sourceTree = "<group>"; };
		47D7549019B8A6A100FFA3F8 /* Images.xcassets */ = {isa = PBXFileReference; lastKnownFileType = folder.assetcatalog; path = Images.xcassets; sourceTree = "<group>"; };
		47D7549619B8A6A100FFA3F8 /* testBatteryTests.xctest */ = {isa = PBXFileReference; explicitFileType = wrapper.cfbundle; includeInIndex = 0; path = testBatteryTests.xctest; sourceTree = BUILT_PRODUCTS_DIR; };
		47D7549719B8A6A100FFA3F8 /* XCTest.framework */ = {isa = PBXFileReference; lastKnownFileType = wrapper.framework; name = XCTest.framework; path = Library/Frameworks/XCTest.framework; sourceTree = DEVELOPER_DIR; };
		47D7549F19B8A6A100FFA3F8 /* testBatteryTests-Info.plist */ = {isa = PBXFileReference; lastKnownFileType = text.plist.xml; path = "testBatteryTests-Info.plist"; sourceTree = "<group>"; };
		47D754A119B8A6A100FFA3F8 /* en */ = {isa = PBXFileReference; lastKnownFileType = text.plist.strings; name = en; path = en.lproj/InfoPlist.strings; sourceTree = "<group>"; };
		47D754A319B8A6A100FFA3F8 /* testBatteryTests.m */ = {isa = PBXFileReference; lastKnownFileType = sourcecode.c.objc; path = testBatteryTests.m; sourceTree = "<group>"; };
/* End PBXFileReference section */

/* Begin PBXFrameworksBuildPhase section */
		47D7546F19B8A6A100FFA3F8 /* Frameworks */ = {
			isa = PBXFrameworksBuildPhase;
			buildActionMask = 2147483647;
			files = (
				47D7547819B8A6A100FFA3F8 /* CoreGraphics.framework in Frameworks */,
				47D7547A19B8A6A100FFA3F8 /* UIKit.framework in Frameworks */,
				47D7547619B8A6A100FFA3F8 /* Foundation.framework in Frameworks */,
			);
			runOnlyForDeploymentPostprocessing = 0;
		};
		47D7549319B8A6A100FFA3F8 /* Frameworks */ = {
			isa = PBXFrameworksBuildPhase;
			buildActionMask = 2147483647;
			files = (
				47D7549819B8A6A100FFA3F8 /* XCTest.framework in Frameworks */,
				47D7549A19B8A6A100FFA3F8 /* UIKit.framework in Frameworks */,
				47D7549919B8A6A100FFA3F8 /* Foundation.framework in Frameworks */,
			);
			runOnlyForDeploymentPostprocessing = 0;
		};
/* End PBXFrameworksBuildPhase section */

/* Begin PBXGroup section */
		47D7546919B8A6A100FFA3F8 = {
			isa = PBXGroup;
			children = (
				47D7547B19B8A6A100FFA3F8 /* testBattery */,
				47D7549D19B8A6A100FFA3F8 /* testBatteryTests */,
				47D7547419B8A6A100FFA3F8 /* Frameworks */,
				47D7547319B8A6A100FFA3F8 /* Products */,
			);
			sourceTree = "<group>";
		};
		47D7547319B8A6A100FFA3F8 /* Products */ = {
			isa = PBXGroup;
			children = (
				47D7547219B8A6A100FFA3F8 /* testBattery.app */,
				47D7549619B8A6A100FFA3F8 /* testBatteryTests.xctest */,
			);
			name = Products;
			sourceTree = "<group>";
		};
		47D7547419B8A6A100FFA3F8 /* Frameworks */ = {
			isa = PBXGroup;
			children = (
				47D7547519B8A6A100FFA3F8 /* Foundation.framework */,
				47D7547719B8A6A100FFA3F8 /* CoreGraphics.framework */,
				47D7547919B8A6A100FFA3F8 /* UIKit.framework */,
				47D7549719B8A6A100FFA3F8 /* XCTest.framework */,
			);
			name = Frameworks;
			sourceTree = "<group>";
		};
		47D7547B19B8A6A100FFA3F8 /* testBattery */ = {
			isa = PBXGroup;
			children = (
				47D7548419B8A6A100FFA3F8 /* AppDelegate.h */,
				47D7548519B8A6A100FFA3F8 /* AppDelegate.m */,
				47D7548719B8A6A100FFA3F8 /* Main_iPhone.storyboard */,
				47D7548A19B8A6A100FFA3F8 /* Main_iPad.storyboard */,
				47D7548D19B8A6A100FFA3F8 /* ViewController.h */,
				47D7548E19B8A6A100FFA3F8 /* ViewController.m */,
				473BDA841A77C0E800241F7B /* Feature1VC.h */,
				473BDA851A77C0E800241F7B /* Feature1VC.m */,
				473BDA871A77CA9A00241F7B /* Feature2.h */,
				473BDA881A77CA9A00241F7B /* Feature2.m */,
				47D7549019B8A6A100FFA3F8 /* Images.xcassets */,
				47D7547C19B8A6A100FFA3F8 /* Supporting Files */,
			);
			path = testBattery;
			sourceTree = "<group>";
		};
		47D7547C19B8A6A100FFA3F8 /* Supporting Files */ = {
			isa = PBXGroup;
			children = (
				47D7547D19B8A6A100FFA3F8 /* testBattery-Info.plist */,
				47D7547E19B8A6A100FFA3F8 /* InfoPlist.strings */,
				47D7548119B8A6A100FFA3F8 /* main.m */,
				47D7548319B8A6A100FFA3F8 /* testBattery-Prefix.pch */,
			);
			name = "Supporting Files";
			sourceTree = "<group>";
		};
		47D7549D19B8A6A100FFA3F8 /* testBatteryTests */ = {
			isa = PBXGroup;
			children = (
				47D754A319B8A6A100FFA3F8 /* testBatteryTests.m */,
				47D7549E19B8A6A100FFA3F8 /* Supporting Files */,
			);
			path = testBatteryTests;
			sourceTree = "<group>";
		};
		47D7549E19B8A6A100FFA3F8 /* Supporting Files */ = {
			isa = PBXGroup;
			children = (
				47D7549F19B8A6A100FFA3F8 /* testBatteryTests-Info.plist */,
				47D754A019B8A6A100FFA3F8 /* InfoPlist.strings */,
			);
			name = "Supporting Files";
			sourceTree = "<group>";
		};
/* End PBXGroup section */

/* Begin PBXNativeTarget section */
		47D7547119B8A6A100FFA3F8 /* testBattery */ = {
			isa = PBXNativeTarget;
			buildConfigurationList = 47D754A719B8A6A100FFA3F8 /* Build configuration list for PBXNativeTarget "testBattery" */;
			buildPhases = (
				47D7546E19B8A6A100FFA3F8 /* Sources */,
				47D7546F19B8A6A100FFA3F8 /* Frameworks */,
				47D7547019B8A6A100FFA3F8 /* Resources */,
			);
			buildRules = (
			);
			dependencies = (
			);
			name = testBattery;
			productName = testBattery;
			productReference = 47D7547219B8A6A100FFA3F8 /* testBattery.app */;
			productType = "com.apple.product-type.application";
		};
		47D7549519B8A6A100FFA3F8 /* testBatteryTests */ = {
			isa = PBXNativeTarget;
			buildConfigurationList = 47D754AA19B8A6A100FFA3F8 /* Build configuration list for PBXNativeTarget "testBatteryTests" */;
			buildPhases = (
				47D7549219B8A6A100FFA3F8 /* Sources */,
				47D7549319B8A6A100FFA3F8 /* Frameworks */,
				47D7549419B8A6A100FFA3F8 /* Resources */,
			);
			buildRules = (
			);
			dependencies = (
				47D7549C19B8A6A100FFA3F8 /* PBXTargetDependency */,
			);
			name = testBatteryTests;
			productName = testBatteryTests;
			productReference = 47D7549619B8A6A100FFA3F8 /* testBatteryTests.xctest */;
			productType = "com.apple.product-type.bundle.unit-test";
		};
/* End PBXNativeTarget section */

/* Begin PBXProject section */
		47D7546A19B8A6A100FFA3F8 /* Project object */ = {
			isa = PBXProject;
			attributes = {
				LastUpgradeCheck = 0510;
				ORGANIZATIONNAME = "Calin Chitu";
				TargetAttributes = {
					47D7549519B8A6A100FFA3F8 = {
						TestTargetID = 47D7547119B8A6A100FFA3F8;
					};
				};
			};
			buildConfigurationList = 47D7546D19B8A6A100FFA3F8 /* Build configuration list for PBXProject "testBattery" */;
			compatibilityVersion = "Xcode 3.2";
			developmentRegion = English;
			hasScannedForEncodings = 0;
			knownRegions = (
				en,
				Base,
			);
			mainGroup = 47D7546919B8A6A100FFA3F8;
			productRefGroup = 47D7547319B8A6A100FFA3F8 /* Products */;
			projectDirPath = "";
			projectRoot = "";
			targets = (
				47D7547119B8A6A100FFA3F8 /* testBattery */,
				47D7549519B8A6A100FFA3F8 /* testBatteryTests */,
			);
		};
/* End PBXProject section */

/* Begin PBXResourcesBuildPhase section */
		47D7547019B8A6A100FFA3F8 /* Resources */ = {
			isa = PBXResourcesBuildPhase;
			buildActionMask = 2147483647;
			files = (
				47D7548C19B8A6A100FFA3F8 /* Main_iPad.storyboard in Resources */,
				47D7549119B8A6A100FFA3F8 /* Images.xcassets in Resources */,
				47D7548919B8A6A100FFA3F8 /* Main_iPhone.storyboard in Resources */,
				47D7548019B8A6A100FFA3F8 /* InfoPlist.strings in Resources */,
			);
			runOnlyForDeploymentPostprocessing = 0;
		};
		47D7549419B8A6A100FFA3F8 /* Resources */ = {
			isa = PBXResourcesBuildPhase;
			buildActionMask = 2147483647;
			files = (
				47D754A219B8A6A100FFA3F8 /* InfoPlist.strings in Resources */,
			);
			runOnlyForDeploymentPostprocessing = 0;
		};
/* End PBXResourcesBuildPhase section */

/* Begin PBXSourcesBuildPhase section */
		47D7546E19B8A6A100FFA3F8 /* Sources */ = {
			isa = PBXSourcesBuildPhase;
			buildActionMask = 2147483647;
			files = (
				47D7548F19B8A6A100FFA3F8 /* ViewController.m in Sources */,
				473BDA861A77C0E800241F7B /* Feature1VC.m in Sources */,
				473BDA891A77CA9A00241F7B /* Feature2.m in Sources */,
				47D7548619B8A6A100FFA3F8 /* AppDelegate.m in Sources */,
				47D7548219B8A6A100FFA3F8 /* main.m in Sources */,
			);
			runOnlyForDeploymentPostprocessing = 0;
		};
		47D7549219B8A6A100FFA3F8 /* Sources */ = {
			isa = PBXSourcesBuildPhase;
			buildActionMask = 2147483647;
			files = (
				47D754A419B8A6A100FFA3F8 /* testBatteryTests.m in Sources */,
			);
			runOnlyForDeploymentPostprocessing = 0;
		};
/* End PBXSourcesBuildPhase section */

/* Begin PBXTargetDependency section */
		47D7549C19B8A6A100FFA3F8 /* PBXTargetDependency */ = {
			isa = PBXTargetDependency;
			target = 47D7547119B8A6A100FFA3F8 /* testBattery */;
			targetProxy = 47D7549B19B8A6A100FFA3F8 /* PBXContainerItemProxy */;
		};
/* End PBXTargetDependency section */

/* Begin PBXVariantGroup section */
		47D7547E19B8A6A100FFA3F8 /* InfoPlist.strings */ = {
			isa = PBXVariantGroup;
			children = (
				47D7547F19B8A6A100FFA3F8 /* en */,
			);
			name = InfoPlist.strings;
			sourceTree = "<group>";
		};
		47D7548719B8A6A100FFA3F8 /* Main_iPhone.storyboard */ = {
			isa = PBXVariantGroup;
			children = (
				47D7548819B8A6A100FFA3F8 /* Base */,
			);
			name = Main_iPhone.storyboard;
			sourceTree = "<group>";
		};
		47D7548A19B8A6A100FFA3F8 /* Main_iPad.storyboard */ = {
			isa = PBXVariantGroup;
			children = (
				47D7548B19B8A6A100FFA3F8 /* Base */,
			);
			name = Main_iPad.storyboard;
			sourceTree = "<group>";
		};
		47D754A019B8A6A100FFA3F8 /* InfoPlist.strings */ = {
			isa = PBXVariantGroup;
			children = (
				47D754A119B8A6A100FFA3F8 /* en */,
			);
			name = InfoPlist.strings;
			sourceTree = "<group>";
		};
/* End PBXVariantGroup section */

/* Begin XCBuildConfiguration section */
		47D754A519B8A6A100FFA3F8 /* Debug */ = {
			isa = XCBuildConfiguration;
			buildSettings = {
				ALWAYS_SEARCH_USER_PATHS = NO;
				CLANG_CXX_LANGUAGE_STANDARD = "gnu++0x";
				CLANG_CXX_LIBRARY = "libc++";
				CLANG_ENABLE_MODULES = YES;
				CLANG_ENABLE_OBJC_ARC = YES;
				CLANG_WARN_BOOL_CONVERSION = YES;
				CLANG_WARN_CONSTANT_CONVERSION = YES;
				CLANG_WARN_DIRECT_OBJC_ISA_USAGE = YES_ERROR;
				CLANG_WARN_EMPTY_BODY = YES;
				CLANG_WARN_ENUM_CONVERSION = YES;
				CLANG_WARN_INT_CONVERSION = YES;
				CLANG_WARN_OBJC_ROOT_CLASS = YES_ERROR;
				CLANG_WARN__DUPLICATE_METHOD_MATCH = YES;
				"CODE_SIGN_IDENTITY[sdk=iphoneos*]" = "iPhone Developer";
				COPY_PHASE_STRIP = NO;
				GCC_C_LANGUAGE_STANDARD = gnu99;
				GCC_DYNAMIC_NO_PIC = NO;
				GCC_OPTIMIZATION_LEVEL = 0;
				GCC_PREPROCESSOR_DEFINITIONS = (
					"DEBUG=1",
					"$(inherited)",
				);
				GCC_SYMBOLS_PRIVATE_EXTERN = NO;
				GCC_WARN_64_TO_32_BIT_CONVERSION = YES;
				GCC_WARN_ABOUT_RETURN_TYPE = YES_ERROR;
				GCC_WARN_UNDECLARED_SELECTOR = YES;
				GCC_WARN_UNINITIALIZED_AUTOS = YES_AGGRESSIVE;
				GCC_WARN_UNUSED_FUNCTION = YES;
				GCC_WARN_UNUSED_VARIABLE = YES;
				IPHONEOS_DEPLOYMENT_TARGET = 7.1;
				ONLY_ACTIVE_ARCH = YES;
				SDKROOT = iphoneos;
				TARGETED_DEVICE_FAMILY = "1,2";
			};
			name = Debug;
		};
		47D754A619B8A6A100FFA3F8 /* Release */ = {
			isa = XCBuildConfiguration;
			buildSettings = {
				ALWAYS_SEARCH_USER_PATHS = NO;
				CLANG_CXX_LANGUAGE_STANDARD = "gnu++0x";
				CLANG_CXX_LIBRARY = "libc++";
				CLANG_ENABLE_MODULES = YES;
				CLANG_ENABLE_OBJC_ARC = YES;
				CLANG_WARN_BOOL_CONVERSION = YES;
				CLANG_WARN_CONSTANT_CONVERSION = YES;
				CLANG_WARN_DIRECT_OBJC_ISA_USAGE = YES_ERROR;
				CLANG_WARN_EMPTY_BODY = YES;
				CLANG_WARN_ENUM_CONVERSION = YES;
				CLANG_WARN_INT_CONVERSION = YES;
				CLANG_WARN_OBJC_ROOT_CLASS = YES_ERROR;
				CLANG_WARN__DUPLICATE_METHOD_MATCH = YES;
				"CODE_SIGN_IDENTITY[sdk=iphoneos*]" = "iPhone Developer";
				COPY_PHASE_STRIP = YES;
				ENABLE_NS_ASSERTIONS = NO;
				GCC_C_LANGUAGE_STANDARD = gnu99;
				GCC_WARN_64_TO_32_BIT_CONVERSION = YES;
				GCC_WARN_ABOUT_RETURN_TYPE = YES_ERROR;
				GCC_WARN_UNDECLARED_SELECTOR = YES;
				GCC_WARN_UNINITIALIZED_AUTOS = YES_AGGRESSIVE;
				GCC_WARN_UNUSED_FUNCTION = YES;
				GCC_WARN_UNUSED_VARIABLE = YES;
				IPHONEOS_DEPLOYMENT_TARGET = 7.1;
				SDKROOT = iphoneos;
				TARGETED_DEVICE_FAMILY = "1,2";
				VALIDATE_PRODUCT = YES;
			};
			name = Release;
		};
		47D754A819B8A6A100FFA3F8 /* Debug */ = {
			isa = XCBuildConfiguration;
			buildSettings = {
				ASSETCATALOG_COMPILER_APPICON_NAME = AppIcon;
				ASSETCATALOG_COMPILER_LAUNCHIMAGE_NAME = LaunchImage;
				GCC_PRECOMPILE_PREFIX_HEADER = YES;
				GCC_PREFIX_HEADER = "testBattery/testBattery-Prefix.pch";
				INFOPLIST_FILE = "testBattery/testBattery-Info.plist";
				PRODUCT_NAME = "$(TARGET_NAME)";
				WRAPPER_EXTENSION = app;
			};
			name = Debug;
		};
		47D754A919B8A6A100FFA3F8 /* Release */ = {
			isa = XCBuildConfiguration;
			buildSettings = {
				ASSETCATALOG_COMPILER_APPICON_NAME = AppIcon;
				ASSETCATALOG_COMPILER_LAUNCHIMAGE_NAME = LaunchImage;
				GCC_PRECOMPILE_PREFIX_HEADER = YES;
				GCC_PREFIX_HEADER = "testBattery/testBattery-Prefix.pch";
				INFOPLIST_FILE = "testBattery/testBattery-Info.plist";
				PRODUCT_NAME = "$(TARGET_NAME)";
				WRAPPER_EXTENSION = app;
			};
			name = Release;
		};
		47D754AB19B8A6A100FFA3F8 /* Debug */ = {
			isa = XCBuildConfiguration;
			buildSettings = {
				BUNDLE_LOADER = "$(BUILT_PRODUCTS_DIR)/testBattery.app/testBattery";
				FRAMEWORK_SEARCH_PATHS = (
					"$(SDKROOT)/Developer/Library/Frameworks",
					"$(inherited)",
					"$(DEVELOPER_FRAMEWORKS_DIR)",
				);
				GCC_PRECOMPILE_PREFIX_HEADER = YES;
				GCC_PREFIX_HEADER = "testBattery/testBattery-Prefix.pch";
				GCC_PREPROCESSOR_DEFINITIONS = (
					"DEBUG=1",
					"$(inherited)",
				);
				INFOPLIST_FILE = "testBatteryTests/testBatteryTests-Info.plist";
				PRODUCT_NAME = "$(TARGET_NAME)";
				TEST_HOST = "$(BUNDLE_LOADER)";
				WRAPPER_EXTENSION = xctest;
			};
			name = Debug;
		};
		47D754AC19B8A6A100FFA3F8 /* Release */ = {
			isa = XCBuildConfiguration;
			buildSettings = {
				BUNDLE_LOADER = "$(BUILT_PRODUCTS_DIR)/testBattery.app/testBattery";
				FRAMEWORK_SEARCH_PATHS = (
					"$(SDKROOT)/Developer/Library/Frameworks",
					"$(inherited)",
					"$(DEVELOPER_FRAMEWORKS_DIR)",
				);
				GCC_PRECOMPILE_PREFIX_HEADER = YES;
				GCC_PREFIX_HEADER = "testBattery/testBattery-Prefix.pch";
				INFOPLIST_FILE = "testBatteryTests/testBatteryTests-Info.plist";
				PRODUCT_NAME = "$(TARGET_NAME)";
				TEST_HOST = "$(BUNDLE_LOADER)";
				WRAPPER_EXTENSION = xctest;
			};
			name = Release;
		};
/* End XCBuildConfiguration section */

/* Begin XCConfigurationList section */
		47D7546D19B8A6A100FFA3F8 /* Build configuration list for PBXProject "testBattery" */ = {
			isa = XCConfigurationList;
			buildConfigurations = (
				47D754A519B8A6A100FFA3F8 /* Debug */,
				47D754A619B8A6A100FFA3F8 /* Release */,
			);
			defaultConfigurationIsVisible = 0;
			defaultConfigurationName = Release;
		};
		47D754A719B8A6A100FFA3F8 /* Build configuration list for PBXNativeTarget "testBattery" */ = {
			isa = XCConfigurationList;
			buildConfigurations = (
				47D754A819B8A6A100FFA3F8 /* Debug */,
				47D754A919B8A6A100FFA3F8 /* Release */,
			);
			defaultConfigurationIsVisible = 0;
			defaultConfigurationName = Release;
		};
		47D754AA19B8A6A100FFA3F8 /* Build configuration list for PBXNativeTarget "testBatteryTests" */ = {
			isa = XCConfigurationList;
			buildConfigurations = (
				47D754AB19B8A6A100FFA3F8 /* Debug */,
				47D754AC19B8A6A100FFA3F8 /* Release */,
			);
			defaultConfigurationIsVisible = 0;
			defaultConfigurationName = Release;
		};
/* End XCConfigurationList section */
	};
	rootObject = 47D7546A19B8A6A100FFA3F8 /* Project object */;
}
